<?xml version="1.0" encoding="utf-8"?>
<Project ToolsVersion="4.0" xmlns="http://schemas.microsoft.com/developer/msbuild/2003">
  <ItemGroup>
    <Filter Include="Source Files">
      <UniqueIdentifier>{4FC737F1-C7A5-4376-A066-2A32D752A2FF}</UniqueIdentifier>
      <Extensions>cpp;c;cc;cxx;c++;cppm;ixx;def;odl;idl;hpj;bat;asm;asmx</Extensions>
    </Filter>
    <Filter Include="Header Files">
      <UniqueIdentifier>{93995380-89BD-4b04-88EB-625FBE52EBFB}</UniqueIdentifier>
      <Extensions>h;hh;hpp;hxx;h++;hm;inl;inc;ipp;xsd</Extensions>
    </Filter>
    <Filter Include="Resource Files">
      <UniqueIdentifier>{67DA6AB6-F800-4c08-8B7A-83BB121AAD01}</UniqueIdentifier>
      <Extensions>rc;ico;cur;bmp;dlg;rc2;rct;bin;rgs;gif;jpg;jpeg;jpe;resx;tiff;tif;png;wav;mfcribbon-ms</Extensions>
    </Filter>
  </ItemGroup>
  <ItemGroup>
    <ClCompile Include="main.cpp">
      <Filter>Source Files</Filter>
    </ClCompile>
    <ClCompile Include="Missions\Emergency_Mission.cpp">
      <Filter>Source Files</Filter>
    </ClCompile>
    <ClCompile Include="Missions\Mission.cpp">
      <Filter>Source Files</Filter>
    </ClCompile>
    <ClCompile Include="Missions\Mountaineous_Mission.cpp">
      <Filter>Source Files</Filter>
    </ClCompile>
    <ClCompile Include="Missions\Polar_Mission.cpp">
      <Filter>Source Files</Filter>
    </ClCompile>
    <ClCompile Include="Rovers\Emergency_Rover.cpp">
      <Filter>Source Files</Filter>
    </ClCompile>
    <ClCompile Include="Rovers\Mountaineous_Rover.cpp">
      <Filter>Source Files</Filter>
    </ClCompile>
    <ClCompile Include="Rovers\Polar_Rover.cpp">
      <Filter>Source Files</Filter>
    </ClCompile>
    <ClCompile Include="Rovers\Rover.cpp">
      <Filter>Source Files</Filter>
    </ClCompile>
    <ClCompile Include="Misc\IO.cpp">
      <Filter>Source Files</Filter>
    </ClCompile>
    <ClCompile Include="Misc\Station.cpp">
      <Filter>Source Files</Filter>
    </ClCompile>
    <ClCompile Include="Misc\UI.cpp">
      <Filter>Source Files</Filter>
    </ClCompile>
    <ClCompile Include="Events\CancelEvent.cpp">
      <Filter>Source Files</Filter>
    </ClCompile>
    <ClCompile Include="Events\Event.cpp">
      <Filter>Source Files</Filter>
    </ClCompile>
    <ClCompile Include="Events\FormulationEvent.cpp">
      <Filter>Source Files</Filter>
    </ClCompile>
    <ClCompile Include="Events\PromotionEvent.cpp">
      <Filter>Source Files</Filter>
    </ClCompile>
  </ItemGroup>
  <ItemGroup>
    <ClInclude Include="Missions\Emergency_Mission.h">
      <Filter>Header Files</Filter>
    </ClInclude>
    <ClInclude Include="Missions\Mission.h">
      <Filter>Header Files</Filter>
    </ClInclude>
    <ClInclude Include="Missions\Mountaineous_Mission.h">
      <Filter>Header Files</Filter>
    </ClInclude>
    <ClInclude Include="Missions\Polar_Mission.h">
      <Filter>Header Files</Filter>
    </ClInclude>
    <ClInclude Include="Rovers\Emergency_Rover.h">
      <Filter>Header Files</Filter>
    </ClInclude>
    <ClInclude Include="Rovers\Mountaineous_Rover.h">
      <Filter>Header Files</Filter>
    </ClInclude>
    <ClInclude Include="Rovers\Polar_Rover.h">
      <Filter>Header Files</Filter>
    </ClInclude>
    <ClInclude Include="Rovers\Rover.h">
      <Filter>Header Files</Filter>
    </ClInclude>
    <ClInclude Include="Misc\IO.h">
      <Filter>Header Files</Filter>
    </ClInclude>
    <ClInclude Include="Misc\Station.h">
      <Filter>Header Files</Filter>
    </ClInclude>
    <ClInclude Include="Misc\UI.h">
      <Filter>Header Files</Filter>
    </ClInclude>
    <ClInclude Include="Events\CancelEvent.h">
      <Filter>Header Files</Filter>
    </ClInclude>
    <ClInclude Include="Events\Event.h">
      <Filter>Header Files</Filter>
    </ClInclude>
    <ClInclude Include="Events\FormulationEvent.h">
      <Filter>Header Files</Filter>
    </ClInclude>
    <ClInclude Include="Events\PromotionEvent.h">
      <Filter>Header Files</Filter>
    </ClInclude>
    <ClInclude Include="Datastructures\PriQ ADT\Node.h">
      <Filter>Header Files</Filter>
    </ClInclude>
    <ClInclude Include="Datastructures\PriQ ADT\PriQ.h">
      <Filter>Header Files</Filter>
    </ClInclude>
    <ClInclude Include="Datastructures\PriQ ADT\QueueADT.h">
      <Filter>Header Files</Filter>
    </ClInclude>
    <ClInclude Include="Datastructures\Queue ADT\LinkedQueue.h">
      <Filter>Header Files</Filter>
    </ClInclude>
    <ClInclude Include="Datastructures\Queue ADT\Node.h">
      <Filter>Header Files</Filter>
    </ClInclude>
    <ClInclude Include="Datastructures\Queue ADT\QueueADT.h">
      <Filter>Header Files</Filter>
    </ClInclude>
  </ItemGroup>
</Project>